{
  "lockfileVersion": 1,
  "workspaces": {
    "": {
      "dependencies": {
        "cobe": "^0.6.4",
      },
    },
  },
  "packages": {
    "cobe": ["cobe@0.6.4", "", { "dependencies": { "phenomenon": "^1.6.0" } }, "sha512-huuGFnDoXLy/tsCZYYa/H35BBRs9cxsS0XKJ3BXjRp699cQKuoEVrvKlAQMx0DKXG7+VUv4jsHVrS7yPbkLSkQ=="],

    "phenomenon": ["phenomenon@1.6.0", "", {}, "sha512-7h9/fjPD3qNlgggzm88cY58l9sudZ6Ey+UmZsizfhtawO6E3srZQXywaNm2lBwT72TbpHYRPy7ytIHeBUD/G0A=="],
  }
}
